{
  "name": "obfucode",
  "version": "1.1.3",
  "lockfileVersion": 2,
  "requires": true,
  "packages": {
    "": {
      "name": "obfucode",
      "version": "1.1.3",
      "license": "ISC",
      "dependencies": {
        "esotope-hammerhead": "^0.6.2",
        "meriyah": "^4.3.2"
      },
      "devDependencies": {
        "typescript": "^2.3.2"
      }
    },
    "node_modules/@types/estree": {
      "version": "0.0.46",
      "resolved": "https://registry.npmjs.org/@types/estree/-/estree-0.0.46.tgz",
      "integrity": "sha512-laIjwTQaD+5DukBZaygQ79K1Z0jb1bPEMRrkXSLjtCcZm+abyp5YbrqpSLzD42FwWW6gK/aS4NYpJ804nG2brg=="
    },
    "node_modules/esotope-hammerhead": {
      "version": "0.6.2",
      "resolved": "https://registry.npmjs.org/esotope-hammerhead/-/esotope-hammerhead-0.6.2.tgz",
      "integrity": "sha512-SJdxje3PBgYRnHKfoTdjB9Q32vHLiuJABSvTXVBHVpzTz+uIgpkrMcXD1Y0i2k1gplPNyJ62gA8k8/f08FvFsg==",
      "dependencies": {
        "@types/estree": "0.0.46"
      }
    },
    "node_modules/meriyah": {
      "version": "4.3.2",
      "resolved": "https://registry.npmjs.org/meriyah/-/meriyah-4.3.2.tgz",
      "integrity": "sha512-giLtmgQQHuLIDoij0441Opch6eyLxY2+3epcMiqQuyBzGxQfYfPJCYpmZK9O5YrrGuZquncWnNRbmqZOeQGDOw==",
      "engines": {
        "node": ">=10.4.0"
      }
    },
    "node_modules/typescript": {
      "version": "2.9.2",
      "resolved": "https://registry.npmjs.org/typescript/-/typescript-2.9.2.tgz",
      "integrity": "sha512-Gr4p6nFNaoufRIY4NMdpQRNmgxVIGMs4Fcu/ujdYk3nAZqk7supzBE9idmvfZIlH/Cuj//dvi+019qEue9lV0w==",
      "dev": true,
      "bin": {
        "tsc": "bin/tsc",
        "tsserver": "bin/tsserver"
      },
      "engines": {
        "node": ">=4.2.0"
      }
    }
  },
  "dependencies": {
    "@types/estree": {
      "version": "0.0.46",
      "resolved": "https://registry.npmjs.org/@types/estree/-/estree-0.0.46.tgz",
      "integrity": "sha512-laIjwTQaD+5DukBZaygQ79K1Z0jb1bPEMRrkXSLjtCcZm+abyp5YbrqpSLzD42FwWW6gK/aS4NYpJ804nG2brg=="
    },
    "esotope-hammerhead": {
      "version": "0.6.2",
      "resolved": "https://registry.npmjs.org/esotope-hammerhead/-/esotope-hammerhead-0.6.2.tgz",
      "integrity": "sha512-SJdxje3PBgYRnHKfoTdjB9Q32vHLiuJABSvTXVBHVpzTz+uIgpkrMcXD1Y0i2k1gplPNyJ62gA8k8/f08FvFsg==",
      "requires": {
        "@types/estree": "0.0.46"
      }
    },
    "meriyah": {
      "version": "4.3.2",
      "resolved": "https://registry.npmjs.org/meriyah/-/meriyah-4.3.2.tgz",
      "integrity": "sha512-giLtmgQQHuLIDoij0441Opch6eyLxY2+3epcMiqQuyBzGxQfYfPJCYpmZK9O5YrrGuZquncWnNRbmqZOeQGDOw=="
    },
    "typescript": {
      "version": "2.9.2",
      "resolved": "https://registry.npmjs.org/typescript/-/typescript-2.9.2.tgz",
      "integrity": "sha512-Gr4p6nFNaoufRIY4NMdpQRNmgxVIGMs4Fcu/ujdYk3nAZqk7supzBE9idmvfZIlH/Cuj//dvi+019qEue9lV0w==",
      "dev": true
    }
  }
}
